Microsoft Visual Studio Solution File, Format Version 12.00
# Visual Studio 15
VisualStudioVersion = 15.0.26730.16
MinimumVisualStudioVersion = 15.0.26124.0
Project("{9A19103F-16F7-4668-BE54-9A1E7A4F7556}") = "Factories", "Factories\Factories.csproj", "{3EB0FAA1-49BD-45BC-A165-1C2B941E5DBF}"
EndProject
Project("{9A19103F-16F7-4668-BE54-9A1E7A4F7556}") = "Models", "Models\Models.csproj", "{C45382DD-46B0-401E-BDE8-1BB5C3F9DE69}"
EndProject
Project("{9A19103F-16F7-4668-BE54-9A1E7A4F7556}") = "Services", "Services\Services.csproj", "{E7024777-BC59-46AB-A8CB-8EE800A01AA5}"
EndProject
Project("{9A19103F-16F7-4668-BE54-9A1E7A4F7556}") = "GroupFinder", "GroupFinder\GroupFinder.csproj", "{10A913A5-647F-4CC5-B28A-B1B9CBEAE78A}"
EndProject
Project("{9A19103F-16F7-4668-BE54-9A1E7A4F7556}") = "Lookups", "Lookups\Lookups.csproj", "{A89039FA-0549-4CCA-98F7-CF48291EBE14}"
EndProject
Global
	GlobalSection(SolutionConfigurationPlatforms) = preSolution
		Debug|Any CPU = Debug|Any CPU
		Debug|x64 = Debug|x64
		Debug|x86 = Debug|x86
		Release|Any CPU = Release|Any CPU
		Release|x64 = Release|x64
		Release|x86 = Release|x86
	EndGlobalSection
	GlobalSection(ProjectConfigurationPlatforms) = postSolution
		{3EB0FAA1-49BD-45BC-A165-1C2B941E5DBF}.Debug|Any CPU.ActiveCfg = Debug|Any CPU
		{3EB0FAA1-49BD-45BC-A165-1C2B941E5DBF}.Debug|Any CPU.Build.0 = Debug|Any CPU
		{3EB0FAA1-49BD-45BC-A165-1C2B941E5DBF}.Debug|x64.ActiveCfg = Debug|Any CPU
		{3EB0FAA1-49BD-45BC-A165-1C2B941E5DBF}.Debug|x64.Build.0 = Debug|Any CPU
		{3EB0FAA1-49BD-45BC-A165-1C2B941E5DBF}.Debug|x86.ActiveCfg = Debug|Any CPU
		{3EB0FAA1-49BD-45BC-A165-1C2B941E5DBF}.Debug|x86.Build.0 = Debug|Any CPU
		{3EB0FAA1-49BD-45BC-A165-1C2B941E5DBF}.Release|Any CPU.ActiveCfg = Release|Any CPU
		{3EB0FAA1-49BD-45BC-A165-1C2B941E5DBF}.Release|Any CPU.Build.0 = Release|Any CPU
		{3EB0FAA1-49BD-45BC-A165-1C2B941E5DBF}.Release|x64.ActiveCfg = Release|Any CPU
		{3EB0FAA1-49BD-45BC-A165-1C2B941E5DBF}.Release|x64.Build.0 = Release|Any CPU
		{3EB0FAA1-49BD-45BC-A165-1C2B941E5DBF}.Release|x86.ActiveCfg = Release|Any CPU
		{3EB0FAA1-49BD-45BC-A165-1C2B941E5DBF}.Release|x86.Build.0 = Release|Any CPU
		{C45382DD-46B0-401E-BDE8-1BB5C3F9DE69}.Debug|Any CPU.ActiveCfg = Debug|Any CPU
		{C45382DD-46B0-401E-BDE8-1BB5C3F9DE69}.Debug|Any CPU.Build.0 = Debug|Any CPU
		{C45382DD-46B0-401E-BDE8-1BB5C3F9DE69}.Debug|x64.ActiveCfg = Debug|Any CPU
		{C45382DD-46B0-401E-BDE8-1BB5C3F9DE69}.Debug|x64.Build.0 = Debug|Any CPU
		{C45382DD-46B0-401E-BDE8-1BB5C3F9DE69}.Debug|x86.ActiveCfg = Debug|Any CPU
		{C45382DD-46B0-401E-BDE8-1BB5C3F9DE69}.Debug|x86.Build.0 = Debug|Any CPU
		{C45382DD-46B0-401E-BDE8-1BB5C3F9DE69}.Release|Any CPU.ActiveCfg = Release|Any CPU
		{C45382DD-46B0-401E-BDE8-1BB5C3F9DE69}.Release|Any CPU.Build.0 = Release|Any CPU
		{C45382DD-46B0-401E-BDE8-1BB5C3F9DE69}.Release|x64.ActiveCfg = Release|Any CPU
		{C45382DD-46B0-401E-BDE8-1BB5C3F9DE69}.Release|x64.Build.0 = Release|Any CPU
		{C45382DD-46B0-401E-BDE8-1BB5C3F9DE69}.Release|x86.ActiveCfg = Release|Any CPU
		{C45382DD-46B0-401E-BDE8-1BB5C3F9DE69}.Release|x86.Build.0 = Release|Any CPU
		{E7024777-BC59-46AB-A8CB-8EE800A01AA5}.Debug|Any CPU.ActiveCfg = Debug|Any CPU
		{E7024777-BC59-46AB-A8CB-8EE800A01AA5}.Debug|Any CPU.Build.0 = Debug|Any CPU
		{E7024777-BC59-46AB-A8CB-8EE800A01AA5}.Debug|x64.ActiveCfg = Debug|Any CPU
		{E7024777-BC59-46AB-A8CB-8EE800A01AA5}.Debug|x64.Build.0 = Debug|Any CPU
		{E7024777-BC59-46AB-A8CB-8EE800A01AA5}.Debug|x86.ActiveCfg = Debug|Any CPU
		{E7024777-BC59-46AB-A8CB-8EE800A01AA5}.Debug|x86.Build.0 = Debug|Any CPU
		{E7024777-BC59-46AB-A8CB-8EE800A01AA5}.Release|Any CPU.ActiveCfg = Release|Any CPU
		{E7024777-BC59-46AB-A8CB-8EE800A01AA5}.Release|Any CPU.Build.0 = Release|Any CPU
		{E7024777-BC59-46AB-A8CB-8EE800A01AA5}.Release|x64.ActiveCfg = Release|Any CPU
		{E7024777-BC59-46AB-A8CB-8EE800A01AA5}.Release|x64.Build.0 = Release|Any CPU
		{E7024777-BC59-46AB-A8CB-8EE800A01AA5}.Release|x86.ActiveCfg = Release|Any CPU
		{E7024777-BC59-46AB-A8CB-8EE800A01AA5}.Release|x86.Build.0 = Release|Any CPU
		{10A913A5-647F-4CC5-B28A-B1B9CBEAE78A}.Debug|Any CPU.ActiveCfg = Debug|Any CPU
		{10A913A5-647F-4CC5-B28A-B1B9CBEAE78A}.Debug|Any CPU.Build.0 = Debug|Any CPU
		{10A913A5-647F-4CC5-B28A-B1B9CBEAE78A}.Debug|x64.ActiveCfg = Debug|Any CPU
		{10A913A5-647F-4CC5-B28A-B1B9CBEAE78A}.Debug|x64.Build.0 = Debug|Any CPU
		{10A913A5-647F-4CC5-B28A-B1B9CBEAE78A}.Debug|x86.ActiveCfg = Debug|Any CPU
		{10A913A5-647F-4CC5-B28A-B1B9CBEAE78A}.Debug|x86.Build.0 = Debug|Any CPU
		{10A913A5-647F-4CC5-B28A-B1B9CBEAE78A}.Release|Any CPU.ActiveCfg = Release|Any CPU
		{10A913A5-647F-4CC5-B28A-B1B9CBEAE78A}.Release|Any CPU.Build.0 = Release|Any CPU
		{10A913A5-647F-4CC5-B28A-B1B9CBEAE78A}.Release|x64.ActiveCfg = Release|Any CPU
		{10A913A5-647F-4CC5-B28A-B1B9CBEAE78A}.Release|x64.Build.0 = Release|Any CPU
		{10A913A5-647F-4CC5-B28A-B1B9CBEAE78A}.Release|x86.ActiveCfg = Release|Any CPU
		{10A913A5-647F-4CC5-B28A-B1B9CBEAE78A}.Release|x86.Build.0 = Release|Any CPU
		{A89039FA-0549-4CCA-98F7-CF48291EBE14}.Debug|Any CPU.ActiveCfg = Debug|Any CPU
		{A89039FA-0549-4CCA-98F7-CF48291EBE14}.Debug|Any CPU.Build.0 = Debug|Any CPU
		{A89039FA-0549-4CCA-98F7-CF48291EBE14}.Debug|x64.ActiveCfg = Debug|Any CPU
		{A89039FA-0549-4CCA-98F7-CF48291EBE14}.Debug|x64.Build.0 = Debug|Any CPU
		{A89039FA-0549-4CCA-98F7-CF48291EBE14}.Debug|x86.ActiveCfg = Debug|Any CPU
		{A89039FA-0549-4CCA-98F7-CF48291EBE14}.Debug|x86.Build.0 = Debug|Any CPU
		{A89039FA-0549-4CCA-98F7-CF48291EBE14}.Release|Any CPU.ActiveCfg = Release|Any CPU
		{A89039FA-0549-4CCA-98F7-CF48291EBE14}.Release|Any CPU.Build.0 = Release|Any CPU
		{A89039FA-0549-4CCA-98F7-CF48291EBE14}.Release|x64.ActiveCfg = Release|Any CPU
		{A89039FA-0549-4CCA-98F7-CF48291EBE14}.Release|x64.Build.0 = Release|Any CPU
		{A89039FA-0549-4CCA-98F7-CF48291EBE14}.Release|x86.ActiveCfg = Release|Any CPU
		{A89039FA-0549-4CCA-98F7-CF48291EBE14}.Release|x86.Build.0 = Release|Any CPU
	EndGlobalSection
	GlobalSection(SolutionProperties) = preSolution
		HideSolutionNode = FALSE
	EndGlobalSection
	GlobalSection(ExtensibilityGlobals) = postSolution
		SolutionGuid = {33386927-3980-455B-B072-6E178B7BDEF8}
	EndGlobalSection
EndGlobal
